
Microsoft Visual Studio Solution File, Format Version 12.00
# Visual Studio Version 17
VisualStudioVersion = 17.2.32630.192
MinimumVisualStudioVersion = 10.0.40219.1
Project("{FAE04EC0-301F-11D3-BF4B-00C04F79EFBC}") = "Ex01_01", "Ex01_01\Ex01_01.csproj", "{C913E6B1-9129-4494-BFBD-AEC25C43D079}"
EndProject
Project("{FAE04EC0-301F-11D3-BF4B-00C04F79EFBC}") = "Ex02_02", "Ex02_02\Ex02_02.csproj", "{D3F2DF8A-65D9-4763-9737-CA1E994A1E23}"
EndProject
Project("{FAE04EC0-301F-11D3-BF4B-00C04F79EFBC}") = "Ex03_03", "Ex03_03\Ex03_03.csproj", "{92B9A359-1C76-4AF6-B2C9-3961BDBAAA8F}"
EndProject
Project("{FAE04EC0-301F-11D3-BF4B-00C04F79EFBC}") = "Ex05_05", "Ex05_05\Ex05_05.csproj", "{EBC86246-B330-4BC7-91FB-91BF15D80BE9}"
EndProject
Project("{FAE04EC0-301F-11D3-BF4B-00C04F79EFBC}") = "Ex04_04", "Ex04_04\Ex04_04.csproj", "{38D4643A-3D56-4801-85FD-C54F7450512C}"
EndProject
Global
	GlobalSection(SolutionConfigurationPlatforms) = preSolution
		Debug|Any CPU = Debug|Any CPU
		Release|Any CPU = Release|Any CPU
	EndGlobalSection
	GlobalSection(ProjectConfigurationPlatforms) = postSolution
		{C913E6B1-9129-4494-BFBD-AEC25C43D079}.Debug|Any CPU.ActiveCfg = Debug|Any CPU
		{C913E6B1-9129-4494-BFBD-AEC25C43D079}.Debug|Any CPU.Build.0 = Debug|Any CPU
		{C913E6B1-9129-4494-BFBD-AEC25C43D079}.Release|Any CPU.ActiveCfg = Release|Any CPU
		{C913E6B1-9129-4494-BFBD-AEC25C43D079}.Release|Any CPU.Build.0 = Release|Any CPU
		{D3F2DF8A-65D9-4763-9737-CA1E994A1E23}.Debug|Any CPU.ActiveCfg = Debug|Any CPU
		{D3F2DF8A-65D9-4763-9737-CA1E994A1E23}.Debug|Any CPU.Build.0 = Debug|Any CPU
		{D3F2DF8A-65D9-4763-9737-CA1E994A1E23}.Release|Any CPU.ActiveCfg = Release|Any CPU
		{D3F2DF8A-65D9-4763-9737-CA1E994A1E23}.Release|Any CPU.Build.0 = Release|Any CPU
		{92B9A359-1C76-4AF6-B2C9-3961BDBAAA8F}.Debug|Any CPU.ActiveCfg = Debug|Any CPU
		{92B9A359-1C76-4AF6-B2C9-3961BDBAAA8F}.Debug|Any CPU.Build.0 = Debug|Any CPU
		{92B9A359-1C76-4AF6-B2C9-3961BDBAAA8F}.Release|Any CPU.ActiveCfg = Release|Any CPU
		{92B9A359-1C76-4AF6-B2C9-3961BDBAAA8F}.Release|Any CPU.Build.0 = Release|Any CPU
		{EBC86246-B330-4BC7-91FB-91BF15D80BE9}.Debug|Any CPU.ActiveCfg = Debug|Any CPU
		{EBC86246-B330-4BC7-91FB-91BF15D80BE9}.Debug|Any CPU.Build.0 = Debug|Any CPU
		{EBC86246-B330-4BC7-91FB-91BF15D80BE9}.Release|Any CPU.ActiveCfg = Release|Any CPU
		{EBC86246-B330-4BC7-91FB-91BF15D80BE9}.Release|Any CPU.Build.0 = Release|Any CPU
		{38D4643A-3D56-4801-85FD-C54F7450512C}.Debug|Any CPU.ActiveCfg = Debug|Any CPU
		{38D4643A-3D56-4801-85FD-C54F7450512C}.Debug|Any CPU.Build.0 = Debug|Any CPU
		{38D4643A-3D56-4801-85FD-C54F7450512C}.Release|Any CPU.ActiveCfg = Release|Any CPU
		{38D4643A-3D56-4801-85FD-C54F7450512C}.Release|Any CPU.Build.0 = Release|Any CPU
	EndGlobalSection
	GlobalSection(SolutionProperties) = preSolution
		HideSolutionNode = FALSE
	EndGlobalSection
	GlobalSection(ExtensibilityGlobals) = postSolution
		SolutionGuid = {8308142F-A1DF-4786-91FB-99D56C466F92}
	EndGlobalSection
EndGlobal
