
Microsoft Visual Studio Solution File, Format Version 12.00
# Visual Studio Version 17
VisualStudioVersion = 17.2.32630.192
MinimumVisualStudioVersion = 10.0.40219.1
Project("{FAE04EC0-301F-11D3-BF4B-00C04F79EFBC}") = "Ex03.ConsoleUI", "Ex03.ConsoleUI\Ex03.ConsoleUI.csproj", "{E0BF1EE0-473A-434E-9B12-EC315EA8209D}"
EndProject
Project("{FAE04EC0-301F-11D3-BF4B-00C04F79EFBC}") = "Ex03.GarageLogic", "Ex03.GarageLogic\Ex03.GarageLogic.csproj", "{ED2C9B3F-336F-4A13-92D8-CE979BDD7327}"
EndProject
Global
	GlobalSection(SolutionConfigurationPlatforms) = preSolution
		Debug|Any CPU = Debug|Any CPU
		Release|Any CPU = Release|Any CPU
	EndGlobalSection
	GlobalSection(ProjectConfigurationPlatforms) = postSolution
		{E0BF1EE0-473A-434E-9B12-EC315EA8209D}.Debug|Any CPU.ActiveCfg = Debug|Any CPU
		{E0BF1EE0-473A-434E-9B12-EC315EA8209D}.Debug|Any CPU.Build.0 = Debug|Any CPU
		{E0BF1EE0-473A-434E-9B12-EC315EA8209D}.Release|Any CPU.ActiveCfg = Release|Any CPU
		{E0BF1EE0-473A-434E-9B12-EC315EA8209D}.Release|Any CPU.Build.0 = Release|Any CPU
		{ED2C9B3F-336F-4A13-92D8-CE979BDD7327}.Debug|Any CPU.ActiveCfg = Debug|Any CPU
		{ED2C9B3F-336F-4A13-92D8-CE979BDD7327}.Debug|Any CPU.Build.0 = Debug|Any CPU
		{ED2C9B3F-336F-4A13-92D8-CE979BDD7327}.Release|Any CPU.ActiveCfg = Release|Any CPU
		{ED2C9B3F-336F-4A13-92D8-CE979BDD7327}.Release|Any CPU.Build.0 = Release|Any CPU
	EndGlobalSection
	GlobalSection(SolutionProperties) = preSolution
		HideSolutionNode = FALSE
	EndGlobalSection
	GlobalSection(ExtensibilityGlobals) = postSolution
		SolutionGuid = {0DB6B0C5-0B96-4D01-BBAE-5EB1F56F3FE8}
	EndGlobalSection
EndGlobal
